
Microsoft Visual Studio Solution File, Format Version 12.00
# Visual Studio Version 17
VisualStudioVersion = 17.12.35707.178
MinimumVisualStudioVersion = 10.0.40219.1
Project("{2150E333-8FDC-42A3-9474-1A3956D46DE8}") = "Common", "Common", "{FCF12A82-48DE-4B83-AA88-48F429468158}"
EndProject
Project("{2150E333-8FDC-42A3-9474-1A3956D46DE8}") = "Infrastructure", "Infrastructure", "{5D9B21FA-B7F1-487F-AEAC-4C8B48C1E653}"
EndProject
Project("{2150E333-8FDC-42A3-9474-1A3956D46DE8}") = "Service", "Service", "{99108FB6-AD0B-44C2-88DF-73F3BA81AF5D}"
EndProject
Project("{2150E333-8FDC-42A3-9474-1A3956D46DE8}") = "IEC104", "IEC104", "{31E37272-A2DD-4816-ACEE-73D37F9D4451}"
EndProject
Project("{2150E333-8FDC-42A3-9474-1A3956D46DE8}") = "Solution Items", "Solution Items", "{AA532ECB-E9F0-40BA-B3D6-45A4A99BB76B}"
	ProjectSection(SolutionItems) = preProject
		.editorconfig = .editorconfig
		Directory.Build.props = Directory.Build.props
	EndProjectSection
EndProject
Project("{FAE04EC0-301F-11D3-BF4B-00C04F79EFBC}") = "PowerUnit.Common.DateTimeManager", "Common\DateTimeManager\PowerUnit.Common.DateTimeManager.csproj", "{8BC29E71-4DE6-4368-9C4B-34885B65AC82}"
EndProject
Project("{FAE04EC0-301F-11D3-BF4B-00C04F79EFBC}") = "PowerUnit.Common.Shell", "Common\Shell\PowerUnit.Common.Shell.csproj", "{D4986529-68E7-477B-86AD-0F8739C142A6}"
EndProject
Project("{FAE04EC0-301F-11D3-BF4B-00C04F79EFBC}") = "PowerUnit.Common.EnviromentManager", "Common\EnviromentManager\PowerUnit.Common.EnviromentManager.csproj", "{F67140A5-5DC3-4A42-8307-A8A4A3B48683}"
EndProject
Project("{FAE04EC0-301F-11D3-BF4B-00C04F79EFBC}") = "PowerUnit.Service.IEC104.Types", "Service\IEC104\Types\PowerUnit.Service.IEC104.Types.csproj", "{4693C27B-F442-B5AC-D406-3880AAB6C81D}"
EndProject
Project("{FAE04EC0-301F-11D3-BF4B-00C04F79EFBC}") = "PowerUnit.Common.StringHelpers", "Common\StringHelpers\PowerUnit.Common.StringHelpers.csproj", "{18E24748-916F-31E4-A070-3C5AB280A3FE}"
EndProject
Project("{FAE04EC0-301F-11D3-BF4B-00C04F79EFBC}") = "PowerUnit.Common.StructHelpers", "Common\StructHelpers\PowerUnit.Common.StructHelpers.csproj", "{6938702A-7FD1-0DC0-3BAB-5DF0FFC4CE18}"
EndProject
Project("{FAE04EC0-301F-11D3-BF4B-00C04F79EFBC}") = "PowerUnit.Service.IEC104.Options", "Service\IEC104\Options\PowerUnit.Service.IEC104.Options.csproj", "{CFC173C5-6D5A-3480-6D69-C038185652E8}"
EndProject
Project("{FAE04EC0-301F-11D3-BF4B-00C04F79EFBC}") = "PowerUnit.Service.IEC104.Channel", "Service\IEC104\Channel\PowerUnit.Service.IEC104.Channel.csproj", "{F287E932-2B5B-031D-D540-8ED39353C81B}"
EndProject
Project("{FAE04EC0-301F-11D3-BF4B-00C04F79EFBC}") = "PowerUnit.Common.TimeoutService", "Common\TimeoutService\PowerUnit.Common.TimeoutService.csproj", "{A58EA2D9-5D45-171E-1654-18275DB55A53}"
EndProject
Project("{FAE04EC0-301F-11D3-BF4B-00C04F79EFBC}") = "PowerUnit.Service.IEC104.Abstract", "Service\IEC104\Common\PowerUnit.Service.IEC104.Abstract.csproj", "{522AACAA-CB31-09B7-6347-D440DF6EFEB6}"
EndProject
Project("{FAE04EC0-301F-11D3-BF4B-00C04F79EFBC}") = "PowerUnit.Service.IEC104.Application", "Service\IEC104\Application\PowerUnit.Service.IEC104.Application.csproj", "{62762C5F-9576-F6D1-D202-8AD185EE7EB8}"
EndProject
Project("{FAE04EC0-301F-11D3-BF4B-00C04F79EFBC}") = "PowerUnit.Common.Exceptions", "Common\Exceptions\PowerUnit.Common.Exceptions.csproj", "{4CC93DAD-DA55-357B-EC50-BBADB0EA43E1}"
EndProject
Project("{FAE04EC0-301F-11D3-BF4B-00C04F79EFBC}") = "PowerUnit.Service.IEC104.Export", "Service\IEC104\Export\PowerUnit.Service.IEC104.Export.csproj", "{D3DB4E65-D600-8D1D-CB0F-0A9E3F75758C}"
EndProject
Project("{FAE04EC0-301F-11D3-BF4B-00C04F79EFBC}") = "PowerUnit.Infrastructure.Db", "Infrastructure\Db\PowerUnit.Infrastructure.Db.csproj", "{EDAC5E5B-51B4-BB7D-78A9-02788C6FCAB7}"
EndProject
Project("{FAE04EC0-301F-11D3-BF4B-00C04F79EFBC}") = "PowerUnit.Infrastructure.Db.ConsoleTest", "Infrastructure\Db.ConsoleTest\PowerUnit.Infrastructure.Db.ConsoleTest.csproj", "{F81BE445-51BD-88D9-07BB-0342E90E0919}"
EndProject
Project("{FAE04EC0-301F-11D3-BF4B-00C04F79EFBC}") = "PowerUnit.Common.Options", "Common\PowerUnit.Common.Options\PowerUnit.Common.Options.csproj", "{42CF48F1-75CF-4B5F-BE3A-64A449DCDEAF}"
EndProject
Project("{FAE04EC0-301F-11D3-BF4B-00C04F79EFBC}") = "PowerUnit.Common.Other", "Common\PowerUnit.Common.Other\PowerUnit.Common.Other.csproj", "{6D6EF3E4-1213-C195-8EDA-9AA46523E2EE}"
EndProject
Project("{FAE04EC0-301F-11D3-BF4B-00C04F79EFBC}") = "PowerUnit.Infrastructure.Monitoring", "Infrastructure\Monitoring\PowerUnit.Infrastructure.Monitoring.csproj", "{8B200B36-6618-54F4-9A85-713DCE35F958}"
EndProject
Project("{FAE04EC0-301F-11D3-BF4B-00C04F79EFBC}") = "PowerUnit.Common.FileExtension", "Common\FileExtension\PowerUnit.Common.FileExtension.csproj", "{5F5528A8-49F0-2DF2-4E99-16638EA97564}"
EndProject
Project("{FAE04EC0-301F-11D3-BF4B-00C04F79EFBC}") = "PowerUnit.Common.FileExtension.Test", "Common\FileExtension.Test\PowerUnit.Common.FileExtension.Test.csproj", "{B2776F68-D695-CC99-BCC8-F136FD01A1D7}"
EndProject
Project("{FAE04EC0-301F-11D3-BF4B-00C04F79EFBC}") = "PowerUnit.Infrastructure.IEC104ServerDb", "Infrastructure\DbContexts\Iec104ServerContext\PowerUnit.Infrastructure.IEC104ServerDb.csproj", "{DE64EF5D-BE1C-92E0-2312-628F21659D9A}"
EndProject
Project("{FAE04EC0-301F-11D3-BF4B-00C04F79EFBC}") = "PowerUnit.Common.Subsciption", "Common\PowerUnit.Common.Subsciption\PowerUnit.Common.Subsciption.csproj", "{05E71B63-133D-4F83-8F24-2D6BAFFBAE8E}"
EndProject
Global
	GlobalSection(SolutionConfigurationPlatforms) = preSolution
		Debug|Any CPU = Debug|Any CPU
		Release|Any CPU = Release|Any CPU
	EndGlobalSection
	GlobalSection(ProjectConfigurationPlatforms) = postSolution
		{8BC29E71-4DE6-4368-9C4B-34885B65AC82}.Debug|Any CPU.ActiveCfg = Debug|Any CPU
		{8BC29E71-4DE6-4368-9C4B-34885B65AC82}.Debug|Any CPU.Build.0 = Debug|Any CPU
		{8BC29E71-4DE6-4368-9C4B-34885B65AC82}.Release|Any CPU.ActiveCfg = Release|Any CPU
		{8BC29E71-4DE6-4368-9C4B-34885B65AC82}.Release|Any CPU.Build.0 = Release|Any CPU
		{D4986529-68E7-477B-86AD-0F8739C142A6}.Debug|Any CPU.ActiveCfg = Debug|Any CPU
		{D4986529-68E7-477B-86AD-0F8739C142A6}.Debug|Any CPU.Build.0 = Debug|Any CPU
		{D4986529-68E7-477B-86AD-0F8739C142A6}.Release|Any CPU.ActiveCfg = Release|Any CPU
		{D4986529-68E7-477B-86AD-0F8739C142A6}.Release|Any CPU.Build.0 = Release|Any CPU
		{F67140A5-5DC3-4A42-8307-A8A4A3B48683}.Debug|Any CPU.ActiveCfg = Debug|Any CPU
		{F67140A5-5DC3-4A42-8307-A8A4A3B48683}.Debug|Any CPU.Build.0 = Debug|Any CPU
		{F67140A5-5DC3-4A42-8307-A8A4A3B48683}.Release|Any CPU.ActiveCfg = Release|Any CPU
		{F67140A5-5DC3-4A42-8307-A8A4A3B48683}.Release|Any CPU.Build.0 = Release|Any CPU
		{4693C27B-F442-B5AC-D406-3880AAB6C81D}.Debug|Any CPU.ActiveCfg = Debug|Any CPU
		{4693C27B-F442-B5AC-D406-3880AAB6C81D}.Debug|Any CPU.Build.0 = Debug|Any CPU
		{4693C27B-F442-B5AC-D406-3880AAB6C81D}.Release|Any CPU.ActiveCfg = Release|Any CPU
		{4693C27B-F442-B5AC-D406-3880AAB6C81D}.Release|Any CPU.Build.0 = Release|Any CPU
		{18E24748-916F-31E4-A070-3C5AB280A3FE}.Debug|Any CPU.ActiveCfg = Debug|Any CPU
		{18E24748-916F-31E4-A070-3C5AB280A3FE}.Debug|Any CPU.Build.0 = Debug|Any CPU
		{18E24748-916F-31E4-A070-3C5AB280A3FE}.Release|Any CPU.ActiveCfg = Release|Any CPU
		{18E24748-916F-31E4-A070-3C5AB280A3FE}.Release|Any CPU.Build.0 = Release|Any CPU
		{6938702A-7FD1-0DC0-3BAB-5DF0FFC4CE18}.Debug|Any CPU.ActiveCfg = Debug|Any CPU
		{6938702A-7FD1-0DC0-3BAB-5DF0FFC4CE18}.Debug|Any CPU.Build.0 = Debug|Any CPU
		{6938702A-7FD1-0DC0-3BAB-5DF0FFC4CE18}.Release|Any CPU.ActiveCfg = Release|Any CPU
		{6938702A-7FD1-0DC0-3BAB-5DF0FFC4CE18}.Release|Any CPU.Build.0 = Release|Any CPU
		{CFC173C5-6D5A-3480-6D69-C038185652E8}.Debug|Any CPU.ActiveCfg = Debug|Any CPU
		{CFC173C5-6D5A-3480-6D69-C038185652E8}.Debug|Any CPU.Build.0 = Debug|Any CPU
		{CFC173C5-6D5A-3480-6D69-C038185652E8}.Release|Any CPU.ActiveCfg = Release|Any CPU
		{CFC173C5-6D5A-3480-6D69-C038185652E8}.Release|Any CPU.Build.0 = Release|Any CPU
		{F287E932-2B5B-031D-D540-8ED39353C81B}.Debug|Any CPU.ActiveCfg = Debug|Any CPU
		{F287E932-2B5B-031D-D540-8ED39353C81B}.Debug|Any CPU.Build.0 = Debug|Any CPU
		{F287E932-2B5B-031D-D540-8ED39353C81B}.Release|Any CPU.ActiveCfg = Release|Any CPU
		{F287E932-2B5B-031D-D540-8ED39353C81B}.Release|Any CPU.Build.0 = Release|Any CPU
		{A58EA2D9-5D45-171E-1654-18275DB55A53}.Debug|Any CPU.ActiveCfg = Debug|Any CPU
		{A58EA2D9-5D45-171E-1654-18275DB55A53}.Debug|Any CPU.Build.0 = Debug|Any CPU
		{A58EA2D9-5D45-171E-1654-18275DB55A53}.Release|Any CPU.ActiveCfg = Release|Any CPU
		{A58EA2D9-5D45-171E-1654-18275DB55A53}.Release|Any CPU.Build.0 = Release|Any CPU
		{522AACAA-CB31-09B7-6347-D440DF6EFEB6}.Debug|Any CPU.ActiveCfg = Debug|Any CPU
		{522AACAA-CB31-09B7-6347-D440DF6EFEB6}.Debug|Any CPU.Build.0 = Debug|Any CPU
		{522AACAA-CB31-09B7-6347-D440DF6EFEB6}.Release|Any CPU.ActiveCfg = Release|Any CPU
		{522AACAA-CB31-09B7-6347-D440DF6EFEB6}.Release|Any CPU.Build.0 = Release|Any CPU
		{62762C5F-9576-F6D1-D202-8AD185EE7EB8}.Debug|Any CPU.ActiveCfg = Debug|Any CPU
		{62762C5F-9576-F6D1-D202-8AD185EE7EB8}.Debug|Any CPU.Build.0 = Debug|Any CPU
		{62762C5F-9576-F6D1-D202-8AD185EE7EB8}.Release|Any CPU.ActiveCfg = Release|Any CPU
		{62762C5F-9576-F6D1-D202-8AD185EE7EB8}.Release|Any CPU.Build.0 = Release|Any CPU
		{4CC93DAD-DA55-357B-EC50-BBADB0EA43E1}.Debug|Any CPU.ActiveCfg = Debug|Any CPU
		{4CC93DAD-DA55-357B-EC50-BBADB0EA43E1}.Debug|Any CPU.Build.0 = Debug|Any CPU
		{4CC93DAD-DA55-357B-EC50-BBADB0EA43E1}.Release|Any CPU.ActiveCfg = Release|Any CPU
		{4CC93DAD-DA55-357B-EC50-BBADB0EA43E1}.Release|Any CPU.Build.0 = Release|Any CPU
		{D3DB4E65-D600-8D1D-CB0F-0A9E3F75758C}.Debug|Any CPU.ActiveCfg = Debug|Any CPU
		{D3DB4E65-D600-8D1D-CB0F-0A9E3F75758C}.Debug|Any CPU.Build.0 = Debug|Any CPU
		{D3DB4E65-D600-8D1D-CB0F-0A9E3F75758C}.Release|Any CPU.ActiveCfg = Release|Any CPU
		{D3DB4E65-D600-8D1D-CB0F-0A9E3F75758C}.Release|Any CPU.Build.0 = Release|Any CPU
		{EDAC5E5B-51B4-BB7D-78A9-02788C6FCAB7}.Debug|Any CPU.ActiveCfg = Debug|Any CPU
		{EDAC5E5B-51B4-BB7D-78A9-02788C6FCAB7}.Debug|Any CPU.Build.0 = Debug|Any CPU
		{EDAC5E5B-51B4-BB7D-78A9-02788C6FCAB7}.Release|Any CPU.ActiveCfg = Release|Any CPU
		{EDAC5E5B-51B4-BB7D-78A9-02788C6FCAB7}.Release|Any CPU.Build.0 = Release|Any CPU
		{F81BE445-51BD-88D9-07BB-0342E90E0919}.Debug|Any CPU.ActiveCfg = Debug|Any CPU
		{F81BE445-51BD-88D9-07BB-0342E90E0919}.Debug|Any CPU.Build.0 = Debug|Any CPU
		{F81BE445-51BD-88D9-07BB-0342E90E0919}.Release|Any CPU.ActiveCfg = Release|Any CPU
		{F81BE445-51BD-88D9-07BB-0342E90E0919}.Release|Any CPU.Build.0 = Release|Any CPU
		{42CF48F1-75CF-4B5F-BE3A-64A449DCDEAF}.Debug|Any CPU.ActiveCfg = Debug|Any CPU
		{42CF48F1-75CF-4B5F-BE3A-64A449DCDEAF}.Debug|Any CPU.Build.0 = Debug|Any CPU
		{42CF48F1-75CF-4B5F-BE3A-64A449DCDEAF}.Release|Any CPU.ActiveCfg = Release|Any CPU
		{42CF48F1-75CF-4B5F-BE3A-64A449DCDEAF}.Release|Any CPU.Build.0 = Release|Any CPU
		{6D6EF3E4-1213-C195-8EDA-9AA46523E2EE}.Debug|Any CPU.ActiveCfg = Debug|Any CPU
		{6D6EF3E4-1213-C195-8EDA-9AA46523E2EE}.Debug|Any CPU.Build.0 = Debug|Any CPU
		{6D6EF3E4-1213-C195-8EDA-9AA46523E2EE}.Release|Any CPU.ActiveCfg = Release|Any CPU
		{6D6EF3E4-1213-C195-8EDA-9AA46523E2EE}.Release|Any CPU.Build.0 = Release|Any CPU
		{8B200B36-6618-54F4-9A85-713DCE35F958}.Debug|Any CPU.ActiveCfg = Debug|Any CPU
		{8B200B36-6618-54F4-9A85-713DCE35F958}.Debug|Any CPU.Build.0 = Debug|Any CPU
		{8B200B36-6618-54F4-9A85-713DCE35F958}.Release|Any CPU.ActiveCfg = Release|Any CPU
		{8B200B36-6618-54F4-9A85-713DCE35F958}.Release|Any CPU.Build.0 = Release|Any CPU
		{5F5528A8-49F0-2DF2-4E99-16638EA97564}.Debug|Any CPU.ActiveCfg = Debug|Any CPU
		{5F5528A8-49F0-2DF2-4E99-16638EA97564}.Debug|Any CPU.Build.0 = Debug|Any CPU
		{5F5528A8-49F0-2DF2-4E99-16638EA97564}.Release|Any CPU.ActiveCfg = Release|Any CPU
		{5F5528A8-49F0-2DF2-4E99-16638EA97564}.Release|Any CPU.Build.0 = Release|Any CPU
		{B2776F68-D695-CC99-BCC8-F136FD01A1D7}.Debug|Any CPU.ActiveCfg = Debug|Any CPU
		{B2776F68-D695-CC99-BCC8-F136FD01A1D7}.Debug|Any CPU.Build.0 = Debug|Any CPU
		{B2776F68-D695-CC99-BCC8-F136FD01A1D7}.Release|Any CPU.ActiveCfg = Release|Any CPU
		{B2776F68-D695-CC99-BCC8-F136FD01A1D7}.Release|Any CPU.Build.0 = Release|Any CPU
		{DE64EF5D-BE1C-92E0-2312-628F21659D9A}.Debug|Any CPU.ActiveCfg = Debug|Any CPU
		{DE64EF5D-BE1C-92E0-2312-628F21659D9A}.Debug|Any CPU.Build.0 = Debug|Any CPU
		{DE64EF5D-BE1C-92E0-2312-628F21659D9A}.Release|Any CPU.ActiveCfg = Release|Any CPU
		{DE64EF5D-BE1C-92E0-2312-628F21659D9A}.Release|Any CPU.Build.0 = Release|Any CPU
		{05E71B63-133D-4F83-8F24-2D6BAFFBAE8E}.Debug|Any CPU.ActiveCfg = Debug|Any CPU
		{05E71B63-133D-4F83-8F24-2D6BAFFBAE8E}.Debug|Any CPU.Build.0 = Debug|Any CPU
		{05E71B63-133D-4F83-8F24-2D6BAFFBAE8E}.Release|Any CPU.ActiveCfg = Release|Any CPU
		{05E71B63-133D-4F83-8F24-2D6BAFFBAE8E}.Release|Any CPU.Build.0 = Release|Any CPU
	EndGlobalSection
	GlobalSection(SolutionProperties) = preSolution
		HideSolutionNode = FALSE
	EndGlobalSection
	GlobalSection(NestedProjects) = preSolution
		{31E37272-A2DD-4816-ACEE-73D37F9D4451} = {99108FB6-AD0B-44C2-88DF-73F3BA81AF5D}
		{8BC29E71-4DE6-4368-9C4B-34885B65AC82} = {FCF12A82-48DE-4B83-AA88-48F429468158}
		{D4986529-68E7-477B-86AD-0F8739C142A6} = {FCF12A82-48DE-4B83-AA88-48F429468158}
		{F67140A5-5DC3-4A42-8307-A8A4A3B48683} = {FCF12A82-48DE-4B83-AA88-48F429468158}
		{4693C27B-F442-B5AC-D406-3880AAB6C81D} = {31E37272-A2DD-4816-ACEE-73D37F9D4451}
		{18E24748-916F-31E4-A070-3C5AB280A3FE} = {FCF12A82-48DE-4B83-AA88-48F429468158}
		{6938702A-7FD1-0DC0-3BAB-5DF0FFC4CE18} = {FCF12A82-48DE-4B83-AA88-48F429468158}
		{CFC173C5-6D5A-3480-6D69-C038185652E8} = {31E37272-A2DD-4816-ACEE-73D37F9D4451}
		{F287E932-2B5B-031D-D540-8ED39353C81B} = {31E37272-A2DD-4816-ACEE-73D37F9D4451}
		{A58EA2D9-5D45-171E-1654-18275DB55A53} = {FCF12A82-48DE-4B83-AA88-48F429468158}
		{522AACAA-CB31-09B7-6347-D440DF6EFEB6} = {31E37272-A2DD-4816-ACEE-73D37F9D4451}
		{62762C5F-9576-F6D1-D202-8AD185EE7EB8} = {31E37272-A2DD-4816-ACEE-73D37F9D4451}
		{4CC93DAD-DA55-357B-EC50-BBADB0EA43E1} = {FCF12A82-48DE-4B83-AA88-48F429468158}
		{D3DB4E65-D600-8D1D-CB0F-0A9E3F75758C} = {31E37272-A2DD-4816-ACEE-73D37F9D4451}
		{EDAC5E5B-51B4-BB7D-78A9-02788C6FCAB7} = {5D9B21FA-B7F1-487F-AEAC-4C8B48C1E653}
		{F81BE445-51BD-88D9-07BB-0342E90E0919} = {5D9B21FA-B7F1-487F-AEAC-4C8B48C1E653}
		{42CF48F1-75CF-4B5F-BE3A-64A449DCDEAF} = {FCF12A82-48DE-4B83-AA88-48F429468158}
		{6D6EF3E4-1213-C195-8EDA-9AA46523E2EE} = {FCF12A82-48DE-4B83-AA88-48F429468158}
		{8B200B36-6618-54F4-9A85-713DCE35F958} = {5D9B21FA-B7F1-487F-AEAC-4C8B48C1E653}
		{5F5528A8-49F0-2DF2-4E99-16638EA97564} = {FCF12A82-48DE-4B83-AA88-48F429468158}
		{B2776F68-D695-CC99-BCC8-F136FD01A1D7} = {FCF12A82-48DE-4B83-AA88-48F429468158}
		{DE64EF5D-BE1C-92E0-2312-628F21659D9A} = {5D9B21FA-B7F1-487F-AEAC-4C8B48C1E653}
		{05E71B63-133D-4F83-8F24-2D6BAFFBAE8E} = {FCF12A82-48DE-4B83-AA88-48F429468158}
	EndGlobalSection
	GlobalSection(ExtensibilityGlobals) = postSolution
		SolutionGuid = {3B75BB3F-D7FF-47AB-9B16-D6F915D5B9EC}
	EndGlobalSection
EndGlobal
